
Microsoft Visual Studio Solution File, Format Version 12.00
# Visual Studio 15
VisualStudioVersion = 15.0.27428.2015
MinimumVisualStudioVersion = 10.0.40219.1
Project("{FAE04EC0-301F-11D3-BF4B-00C04F79EFBC}") = "5StarsSchoolForum", "5StarsSchoolForum\5StarsSchoolForum.csproj", "{2A720F94-FD06-4A77-9DF7-A5E962646661}"
EndProject
Project("{FAE04EC0-301F-11D3-BF4B-00C04F79EFBC}") = "Test", "Test\Test.csproj", "{67884975-B5D9-4C81-98D1-11F73788B0B7}"
EndProject
Global
	GlobalSection(SolutionConfigurationPlatforms) = preSolution
		Debug|Any CPU = Debug|Any CPU
		Release|Any CPU = Release|Any CPU
	EndGlobalSection
	GlobalSection(ProjectConfigurationPlatforms) = postSolution
		{2A720F94-FD06-4A77-9DF7-A5E962646661}.Debug|Any CPU.ActiveCfg = Debug|Any CPU
		{2A720F94-FD06-4A77-9DF7-A5E962646661}.Debug|Any CPU.Build.0 = Debug|Any CPU
		{2A720F94-FD06-4A77-9DF7-A5E962646661}.Release|Any CPU.ActiveCfg = Release|Any CPU
		{2A720F94-FD06-4A77-9DF7-A5E962646661}.Release|Any CPU.Build.0 = Release|Any CPU
		{67884975-B5D9-4C81-98D1-11F73788B0B7}.Debug|Any CPU.ActiveCfg = Debug|Any CPU
		{67884975-B5D9-4C81-98D1-11F73788B0B7}.Debug|Any CPU.Build.0 = Debug|Any CPU
		{67884975-B5D9-4C81-98D1-11F73788B0B7}.Release|Any CPU.ActiveCfg = Release|Any CPU
		{67884975-B5D9-4C81-98D1-11F73788B0B7}.Release|Any CPU.Build.0 = Release|Any CPU
	EndGlobalSection
	GlobalSection(SolutionProperties) = preSolution
		HideSolutionNode = FALSE
	EndGlobalSection
	GlobalSection(ExtensibilityGlobals) = postSolution
		SolutionGuid = {29D10147-170A-4814-BD6E-51A94020AA4E}
	EndGlobalSection
EndGlobal
